
Microsoft Visual Studio Solution File, Format Version 12.00
# Visual Studio Version 16
VisualStudioVersion = 16.0.33328.57
MinimumVisualStudioVersion = 10.0.40219.1
Project("{9A19103F-16F7-4668-BE54-9A1E7A4F7556}") = "ExtensionMethodDemo", "ExtensionMethodDemo\ExtensionMethodDemo.csproj", "{22B2056D-F484-4DCD-B5E5-7DD6A3D174EA}"
EndProject
Project("{9A19103F-16F7-4668-BE54-9A1E7A4F7556}") = "UniqueData", "UniqueData\UniqueData.csproj", "{0731A57C-E77A-424B-BA90-731E8C46CE37}"
EndProject
Project("{9A19103F-16F7-4668-BE54-9A1E7A4F7556}") = "IEnumerable_Demo", "IEnumerable_Demo\IEnumerable_Demo.csproj", "{CDBDDA0D-741F-4B7A-96E9-7B73224EC81A}"
EndProject
Project("{9A19103F-16F7-4668-BE54-9A1E7A4F7556}") = "Exception_TryCatchBlock", "Exception_TryCatchBlock\Exception_TryCatchBlock.csproj", "{6DF0D74A-AE77-46B6-B480-2EF8CABC06A7}"
EndProject
Project("{9A19103F-16F7-4668-BE54-9A1E7A4F7556}") = "DataStructuresWithC_Sharp", "DataStructuresWithC_Sharp\DataStructuresWithC_Sharp.csproj", "{68AF4B32-661C-4394-86F0-852EBF6E833E}"
EndProject
Project("{9A19103F-16F7-4668-BE54-9A1E7A4F7556}") = "SingletonDP", "SingletonDP\SingletonDP.csproj", "{2904E3FE-9524-4FDA-8FE3-401B55E5354D}"
EndProject
Project("{9A19103F-16F7-4668-BE54-9A1E7A4F7556}") = "MultiThreadingWPF", "MultiThreadingWPF\MultiThreadingWPF.csproj", "{0AFE76DC-7536-4491-8D3B-C3D045892BFA}"
EndProject
Project("{9A19103F-16F7-4668-BE54-9A1E7A4F7556}") = "ObjectOriented", "ObjectOriented\ObjectOriented.csproj", "{71925FAA-5896-413B-BD58-E29DDAE5A014}"
EndProject
Project("{9A19103F-16F7-4668-BE54-9A1E7A4F7556}") = "GetFileByKeyword", "GetFileByKeyword\GetFileByKeyword.csproj", "{F0CB091A-D0FA-4754-87FB-A8AFD040B4F2}"
EndProject
Project("{9A19103F-16F7-4668-BE54-9A1E7A4F7556}") = "PrepDelegates", "PrepDelegates\PrepDelegates.csproj", "{AB5C65F8-91EE-472E-9DD7-87804CDB0DEF}"
EndProject
Project("{9A19103F-16F7-4668-BE54-9A1E7A4F7556}") = "Ref_And_Out", "Ref_And_Out\Ref_And_Out.csproj", "{CE6F8B49-12EA-4FBE-A908-F742059E053E}"
EndProject
Global
	GlobalSection(SolutionConfigurationPlatforms) = preSolution
		Debug|Any CPU = Debug|Any CPU
		Debug|x64 = Debug|x64
		Release|Any CPU = Release|Any CPU
		Release|x64 = Release|x64
	EndGlobalSection
	GlobalSection(ProjectConfigurationPlatforms) = postSolution
		{22B2056D-F484-4DCD-B5E5-7DD6A3D174EA}.Debug|Any CPU.ActiveCfg = Debug|Any CPU
		{22B2056D-F484-4DCD-B5E5-7DD6A3D174EA}.Debug|Any CPU.Build.0 = Debug|Any CPU
		{22B2056D-F484-4DCD-B5E5-7DD6A3D174EA}.Debug|x64.ActiveCfg = Debug|Any CPU
		{22B2056D-F484-4DCD-B5E5-7DD6A3D174EA}.Debug|x64.Build.0 = Debug|Any CPU
		{22B2056D-F484-4DCD-B5E5-7DD6A3D174EA}.Release|Any CPU.ActiveCfg = Release|Any CPU
		{22B2056D-F484-4DCD-B5E5-7DD6A3D174EA}.Release|Any CPU.Build.0 = Release|Any CPU
		{22B2056D-F484-4DCD-B5E5-7DD6A3D174EA}.Release|x64.ActiveCfg = Release|Any CPU
		{22B2056D-F484-4DCD-B5E5-7DD6A3D174EA}.Release|x64.Build.0 = Release|Any CPU
		{0731A57C-E77A-424B-BA90-731E8C46CE37}.Debug|Any CPU.ActiveCfg = Debug|Any CPU
		{0731A57C-E77A-424B-BA90-731E8C46CE37}.Debug|Any CPU.Build.0 = Debug|Any CPU
		{0731A57C-E77A-424B-BA90-731E8C46CE37}.Debug|x64.ActiveCfg = Debug|Any CPU
		{0731A57C-E77A-424B-BA90-731E8C46CE37}.Debug|x64.Build.0 = Debug|Any CPU
		{0731A57C-E77A-424B-BA90-731E8C46CE37}.Release|Any CPU.ActiveCfg = Release|Any CPU
		{0731A57C-E77A-424B-BA90-731E8C46CE37}.Release|Any CPU.Build.0 = Release|Any CPU
		{0731A57C-E77A-424B-BA90-731E8C46CE37}.Release|x64.ActiveCfg = Release|Any CPU
		{0731A57C-E77A-424B-BA90-731E8C46CE37}.Release|x64.Build.0 = Release|Any CPU
		{CDBDDA0D-741F-4B7A-96E9-7B73224EC81A}.Debug|Any CPU.ActiveCfg = Debug|Any CPU
		{CDBDDA0D-741F-4B7A-96E9-7B73224EC81A}.Debug|Any CPU.Build.0 = Debug|Any CPU
		{CDBDDA0D-741F-4B7A-96E9-7B73224EC81A}.Debug|x64.ActiveCfg = Debug|Any CPU
		{CDBDDA0D-741F-4B7A-96E9-7B73224EC81A}.Debug|x64.Build.0 = Debug|Any CPU
		{CDBDDA0D-741F-4B7A-96E9-7B73224EC81A}.Release|Any CPU.ActiveCfg = Release|Any CPU
		{CDBDDA0D-741F-4B7A-96E9-7B73224EC81A}.Release|Any CPU.Build.0 = Release|Any CPU
		{CDBDDA0D-741F-4B7A-96E9-7B73224EC81A}.Release|x64.ActiveCfg = Release|Any CPU
		{CDBDDA0D-741F-4B7A-96E9-7B73224EC81A}.Release|x64.Build.0 = Release|Any CPU
		{6DF0D74A-AE77-46B6-B480-2EF8CABC06A7}.Debug|Any CPU.ActiveCfg = Debug|Any CPU
		{6DF0D74A-AE77-46B6-B480-2EF8CABC06A7}.Debug|Any CPU.Build.0 = Debug|Any CPU
		{6DF0D74A-AE77-46B6-B480-2EF8CABC06A7}.Debug|x64.ActiveCfg = Debug|Any CPU
		{6DF0D74A-AE77-46B6-B480-2EF8CABC06A7}.Debug|x64.Build.0 = Debug|Any CPU
		{6DF0D74A-AE77-46B6-B480-2EF8CABC06A7}.Release|Any CPU.ActiveCfg = Release|Any CPU
		{6DF0D74A-AE77-46B6-B480-2EF8CABC06A7}.Release|Any CPU.Build.0 = Release|Any CPU
		{6DF0D74A-AE77-46B6-B480-2EF8CABC06A7}.Release|x64.ActiveCfg = Release|Any CPU
		{6DF0D74A-AE77-46B6-B480-2EF8CABC06A7}.Release|x64.Build.0 = Release|Any CPU
		{68AF4B32-661C-4394-86F0-852EBF6E833E}.Debug|Any CPU.ActiveCfg = Debug|Any CPU
		{68AF4B32-661C-4394-86F0-852EBF6E833E}.Debug|Any CPU.Build.0 = Debug|Any CPU
		{68AF4B32-661C-4394-86F0-852EBF6E833E}.Debug|x64.ActiveCfg = Debug|x64
		{68AF4B32-661C-4394-86F0-852EBF6E833E}.Debug|x64.Build.0 = Debug|x64
		{68AF4B32-661C-4394-86F0-852EBF6E833E}.Release|Any CPU.ActiveCfg = Release|Any CPU
		{68AF4B32-661C-4394-86F0-852EBF6E833E}.Release|Any CPU.Build.0 = Release|Any CPU
		{68AF4B32-661C-4394-86F0-852EBF6E833E}.Release|x64.ActiveCfg = Release|x64
		{68AF4B32-661C-4394-86F0-852EBF6E833E}.Release|x64.Build.0 = Release|x64
		{2904E3FE-9524-4FDA-8FE3-401B55E5354D}.Debug|Any CPU.ActiveCfg = Debug|Any CPU
		{2904E3FE-9524-4FDA-8FE3-401B55E5354D}.Debug|Any CPU.Build.0 = Debug|Any CPU
		{2904E3FE-9524-4FDA-8FE3-401B55E5354D}.Debug|x64.ActiveCfg = Debug|Any CPU
		{2904E3FE-9524-4FDA-8FE3-401B55E5354D}.Debug|x64.Build.0 = Debug|Any CPU
		{2904E3FE-9524-4FDA-8FE3-401B55E5354D}.Release|Any CPU.ActiveCfg = Release|Any CPU
		{2904E3FE-9524-4FDA-8FE3-401B55E5354D}.Release|Any CPU.Build.0 = Release|Any CPU
		{2904E3FE-9524-4FDA-8FE3-401B55E5354D}.Release|x64.ActiveCfg = Release|Any CPU
		{2904E3FE-9524-4FDA-8FE3-401B55E5354D}.Release|x64.Build.0 = Release|Any CPU
		{0AFE76DC-7536-4491-8D3B-C3D045892BFA}.Debug|Any CPU.ActiveCfg = Debug|Any CPU
		{0AFE76DC-7536-4491-8D3B-C3D045892BFA}.Debug|Any CPU.Build.0 = Debug|Any CPU
		{0AFE76DC-7536-4491-8D3B-C3D045892BFA}.Debug|x64.ActiveCfg = Debug|Any CPU
		{0AFE76DC-7536-4491-8D3B-C3D045892BFA}.Debug|x64.Build.0 = Debug|Any CPU
		{0AFE76DC-7536-4491-8D3B-C3D045892BFA}.Release|Any CPU.ActiveCfg = Release|Any CPU
		{0AFE76DC-7536-4491-8D3B-C3D045892BFA}.Release|Any CPU.Build.0 = Release|Any CPU
		{0AFE76DC-7536-4491-8D3B-C3D045892BFA}.Release|x64.ActiveCfg = Release|Any CPU
		{0AFE76DC-7536-4491-8D3B-C3D045892BFA}.Release|x64.Build.0 = Release|Any CPU
		{71925FAA-5896-413B-BD58-E29DDAE5A014}.Debug|Any CPU.ActiveCfg = Debug|Any CPU
		{71925FAA-5896-413B-BD58-E29DDAE5A014}.Debug|Any CPU.Build.0 = Debug|Any CPU
		{71925FAA-5896-413B-BD58-E29DDAE5A014}.Debug|x64.ActiveCfg = Debug|Any CPU
		{71925FAA-5896-413B-BD58-E29DDAE5A014}.Debug|x64.Build.0 = Debug|Any CPU
		{71925FAA-5896-413B-BD58-E29DDAE5A014}.Release|Any CPU.ActiveCfg = Release|Any CPU
		{71925FAA-5896-413B-BD58-E29DDAE5A014}.Release|Any CPU.Build.0 = Release|Any CPU
		{71925FAA-5896-413B-BD58-E29DDAE5A014}.Release|x64.ActiveCfg = Release|Any CPU
		{71925FAA-5896-413B-BD58-E29DDAE5A014}.Release|x64.Build.0 = Release|Any CPU
		{F0CB091A-D0FA-4754-87FB-A8AFD040B4F2}.Debug|Any CPU.ActiveCfg = Debug|Any CPU
		{F0CB091A-D0FA-4754-87FB-A8AFD040B4F2}.Debug|Any CPU.Build.0 = Debug|Any CPU
		{F0CB091A-D0FA-4754-87FB-A8AFD040B4F2}.Debug|x64.ActiveCfg = Debug|Any CPU
		{F0CB091A-D0FA-4754-87FB-A8AFD040B4F2}.Debug|x64.Build.0 = Debug|Any CPU
		{F0CB091A-D0FA-4754-87FB-A8AFD040B4F2}.Release|Any CPU.ActiveCfg = Release|Any CPU
		{F0CB091A-D0FA-4754-87FB-A8AFD040B4F2}.Release|Any CPU.Build.0 = Release|Any CPU
		{F0CB091A-D0FA-4754-87FB-A8AFD040B4F2}.Release|x64.ActiveCfg = Release|Any CPU
		{F0CB091A-D0FA-4754-87FB-A8AFD040B4F2}.Release|x64.Build.0 = Release|Any CPU
		{AB5C65F8-91EE-472E-9DD7-87804CDB0DEF}.Debug|Any CPU.ActiveCfg = Debug|Any CPU
		{AB5C65F8-91EE-472E-9DD7-87804CDB0DEF}.Debug|Any CPU.Build.0 = Debug|Any CPU
		{AB5C65F8-91EE-472E-9DD7-87804CDB0DEF}.Debug|x64.ActiveCfg = Debug|Any CPU
		{AB5C65F8-91EE-472E-9DD7-87804CDB0DEF}.Debug|x64.Build.0 = Debug|Any CPU
		{AB5C65F8-91EE-472E-9DD7-87804CDB0DEF}.Release|Any CPU.ActiveCfg = Release|Any CPU
		{AB5C65F8-91EE-472E-9DD7-87804CDB0DEF}.Release|Any CPU.Build.0 = Release|Any CPU
		{AB5C65F8-91EE-472E-9DD7-87804CDB0DEF}.Release|x64.ActiveCfg = Release|Any CPU
		{AB5C65F8-91EE-472E-9DD7-87804CDB0DEF}.Release|x64.Build.0 = Release|Any CPU
		{CE6F8B49-12EA-4FBE-A908-F742059E053E}.Debug|Any CPU.ActiveCfg = Debug|Any CPU
		{CE6F8B49-12EA-4FBE-A908-F742059E053E}.Debug|Any CPU.Build.0 = Debug|Any CPU
		{CE6F8B49-12EA-4FBE-A908-F742059E053E}.Debug|x64.ActiveCfg = Debug|Any CPU
		{CE6F8B49-12EA-4FBE-A908-F742059E053E}.Debug|x64.Build.0 = Debug|Any CPU
		{CE6F8B49-12EA-4FBE-A908-F742059E053E}.Release|Any CPU.ActiveCfg = Release|Any CPU
		{CE6F8B49-12EA-4FBE-A908-F742059E053E}.Release|Any CPU.Build.0 = Release|Any CPU
		{CE6F8B49-12EA-4FBE-A908-F742059E053E}.Release|x64.ActiveCfg = Release|Any CPU
		{CE6F8B49-12EA-4FBE-A908-F742059E053E}.Release|x64.Build.0 = Release|Any CPU
	EndGlobalSection
	GlobalSection(SolutionProperties) = preSolution
		HideSolutionNode = FALSE
	EndGlobalSection
	GlobalSection(ExtensibilityGlobals) = postSolution
		SolutionGuid = {956D8E47-2C2C-42A0-90FA-6F5FC862D419}
	EndGlobalSection
EndGlobal
